
Microsoft Visual Studio Solution File, Format Version 12.00
# Visual Studio Version 17
VisualStudioVersion = 17.5.33516.290
MinimumVisualStudioVersion = 10.0.40219.1
Project("{9A19103F-16F7-4668-BE54-9A1E7A4F7556}") = "MVCEmployee", "MVCEmployee\MVCEmployee.csproj", "{11EBC49D-9060-4CA2-B892-34B09BAF65A4}"
EndProject
Global
	GlobalSection(SolutionConfigurationPlatforms) = preSolution
		Debug|Any CPU = Debug|Any CPU
		Release|Any CPU = Release|Any CPU
	EndGlobalSection
	GlobalSection(ProjectConfigurationPlatforms) = postSolution
		{11EBC49D-9060-4CA2-B892-34B09BAF65A4}.Debug|Any CPU.ActiveCfg = Debug|Any CPU
		{11EBC49D-9060-4CA2-B892-34B09BAF65A4}.Debug|Any CPU.Build.0 = Debug|Any CPU
		{11EBC49D-9060-4CA2-B892-34B09BAF65A4}.Release|Any CPU.ActiveCfg = Release|Any CPU
		{11EBC49D-9060-4CA2-B892-34B09BAF65A4}.Release|Any CPU.Build.0 = Release|Any CPU
	EndGlobalSection
	GlobalSection(SolutionProperties) = preSolution
		HideSolutionNode = FALSE
	EndGlobalSection
	GlobalSection(ExtensibilityGlobals) = postSolution
		SolutionGuid = {FC30581B-78EF-43F6-B52C-B2355573B883}
	EndGlobalSection
EndGlobal
